
Microsoft Visual Studio Solution File, Format Version 12.00
# Visual Studio Version 16
VisualStudioVersion = 16.0.31112.23
MinimumVisualStudioVersion = 10.0.40219.1
Project("{FAE04EC0-301F-11D3-BF4B-00C04F79EFBC}") = "GhostNoise", "GhostNoise.csproj", "{B5B90E26-7E20-4E11-A6F4-B8CC1DD02C19}"
EndProject
Global
	GlobalSection(SolutionConfigurationPlatforms) = preSolution
		Debug|Any CPU = Debug|Any CPU
		Release|Any CPU = Release|Any CPU
	EndGlobalSection
	GlobalSection(ProjectConfigurationPlatforms) = postSolution
		{B5B90E26-7E20-4E11-A6F4-B8CC1DD02C19}.Debug|Any CPU.ActiveCfg = Debug|Any CPU
		{B5B90E26-7E20-4E11-A6F4-B8CC1DD02C19}.Debug|Any CPU.Build.0 = Debug|Any CPU
		{B5B90E26-7E20-4E11-A6F4-B8CC1DD02C19}.Release|Any CPU.ActiveCfg = Release|Any CPU
		{B5B90E26-7E20-4E11-A6F4-B8CC1DD02C19}.Release|Any CPU.Build.0 = Release|Any CPU
	EndGlobalSection
	GlobalSection(SolutionProperties) = preSolution
		HideSolutionNode = FALSE
	EndGlobalSection
	GlobalSection(ExtensibilityGlobals) = postSolution
		SolutionGuid = {3A518E54-5253-4E7A-9635-B613056CD6BE}
	EndGlobalSection
EndGlobal
